
Microsoft Visual Studio Solution File, Format Version 12.00
# Visual Studio 14
VisualStudioVersion = 14.0.25420.1
MinimumVisualStudioVersion = 10.0.40219.1
Project("{FAE04EC0-301F-11D3-BF4B-00C04F79EFBC}") = "Client", "Client\Client.csproj", "{65055815-F902-463E-B906-EAD7515B6198}"
EndProject
Project("{FAE04EC0-301F-11D3-BF4B-00C04F79EFBC}") = "HiringCompany", "HiringCompany\HiringCompany.csproj", "{47576DA7-9609-4044-BE29-A09C8465E9C5}"
EndProject
Project("{FAE04EC0-301F-11D3-BF4B-00C04F79EFBC}") = "ICommon", "..\Common\ICommon\ICommon.csproj", "{32FB816C-6A52-4EC3-A6EF-D577E56A9E2C}"
EndProject
Project("{FAE04EC0-301F-11D3-BF4B-00C04F79EFBC}") = "EmployeeCommon", "EmployeeCommon\EmployeeCommon.csproj", "{F52C7068-8A38-4D65-A13C-4FF1453F6B83}"
EndProject
Global
	GlobalSection(SolutionConfigurationPlatforms) = preSolution
		Debug|Any CPU = Debug|Any CPU
		Release|Any CPU = Release|Any CPU
	EndGlobalSection
	GlobalSection(ProjectConfigurationPlatforms) = postSolution
		{65055815-F902-463E-B906-EAD7515B6198}.Debug|Any CPU.ActiveCfg = Debug|Any CPU
		{65055815-F902-463E-B906-EAD7515B6198}.Debug|Any CPU.Build.0 = Debug|Any CPU
		{65055815-F902-463E-B906-EAD7515B6198}.Release|Any CPU.ActiveCfg = Release|Any CPU
		{65055815-F902-463E-B906-EAD7515B6198}.Release|Any CPU.Build.0 = Release|Any CPU
		{47576DA7-9609-4044-BE29-A09C8465E9C5}.Debug|Any CPU.ActiveCfg = Debug|Any CPU
		{47576DA7-9609-4044-BE29-A09C8465E9C5}.Debug|Any CPU.Build.0 = Debug|Any CPU
		{47576DA7-9609-4044-BE29-A09C8465E9C5}.Release|Any CPU.ActiveCfg = Release|Any CPU
		{47576DA7-9609-4044-BE29-A09C8465E9C5}.Release|Any CPU.Build.0 = Release|Any CPU
		{32FB816C-6A52-4EC3-A6EF-D577E56A9E2C}.Debug|Any CPU.ActiveCfg = Debug|Any CPU
		{32FB816C-6A52-4EC3-A6EF-D577E56A9E2C}.Debug|Any CPU.Build.0 = Debug|Any CPU
		{32FB816C-6A52-4EC3-A6EF-D577E56A9E2C}.Release|Any CPU.ActiveCfg = Release|Any CPU
		{32FB816C-6A52-4EC3-A6EF-D577E56A9E2C}.Release|Any CPU.Build.0 = Release|Any CPU
		{F52C7068-8A38-4D65-A13C-4FF1453F6B83}.Debug|Any CPU.ActiveCfg = Debug|Any CPU
		{F52C7068-8A38-4D65-A13C-4FF1453F6B83}.Debug|Any CPU.Build.0 = Debug|Any CPU
		{F52C7068-8A38-4D65-A13C-4FF1453F6B83}.Release|Any CPU.ActiveCfg = Release|Any CPU
		{F52C7068-8A38-4D65-A13C-4FF1453F6B83}.Release|Any CPU.Build.0 = Release|Any CPU
	EndGlobalSection
	GlobalSection(SolutionProperties) = preSolution
		HideSolutionNode = FALSE
	EndGlobalSection
EndGlobal
